<?xml version="1.0" encoding="utf-8"?>
<Project ToolsVersion="4.0" xmlns="http://schemas.microsoft.com/developer/msbuild/2003">
  <ItemGroup>
    <Filter Include="Engine">
      <UniqueIdentifier>{d85efe40-646d-4976-bbe9-709c2356779a}</UniqueIdentifier>
    </Filter>
    <Filter Include="Game Files">
      <UniqueIdentifier>{bd412838-05f0-4f90-9a1b-ababe14e0b1a}</UniqueIdentifier>
    </Filter>
    <Filter Include="Engine\Helpers">
      <UniqueIdentifier>{3a052392-ad52-44d4-839d-d6ee295d00d3}</UniqueIdentifier>
    </Filter>
    <Filter Include="Engine\Scenegraph">
      <UniqueIdentifier>{79dde756-00da-4874-bfb7-3600964c58d6}</UniqueIdentifier>
    </Filter>
    <Filter Include="Engine\Graphics">
      <UniqueIdentifier>{f0c0ee7e-25a2-4051-aafd-1e6952ee3741}</UniqueIdentifier>
    </Filter>
    <Filter Include="Engine\Diagnostic">
      <UniqueIdentifier>{dac5212a-62da-4fd8-b507-759fad1fdf94}</UniqueIdentifier>
    </Filter>
    <Filter Include="Engine\Defaults">
      <UniqueIdentifier>{3bc8cabe-6c11-4af7-9e3b-6ad267452ffb}</UniqueIdentifier>
    </Filter>
    <Filter Include="Engine\Content">
      <UniqueIdentifier>{87ccabcb-3b73-4670-a39e-383992282324}</UniqueIdentifier>
    </Filter>
    <Filter Include="Engine\Components">
      <UniqueIdentifier>{f5fc43a3-76c1-4301-b19a-d03aaad06a60}</UniqueIdentifier>
    </Filter>
    <Filter Include="Game Files\Custom Commands">
      <UniqueIdentifier>{ebadaff1-57ea-4943-9d3b-cf83d824b626}</UniqueIdentifier>
    </Filter>
    <Filter Include="Game Files\SceneFiles">
      <UniqueIdentifier>{ce043b6c-f785-4565-ab4d-afc21971bd60}</UniqueIdentifier>
    </Filter>
    <Filter Include="Engine\Character">
      <UniqueIdentifier>{e97cb10f-4977-49e1-8676-4e9a36f42c07}</UniqueIdentifier>
    </Filter>
    <Filter Include="Game Files\Game Characters">
      <UniqueIdentifier>{6fe19962-8f8a-4ebf-9623-01494bd0e068}</UniqueIdentifier>
    </Filter>
    <Filter Include="Game Files\Game Items">
      <UniqueIdentifier>{e1a94390-c68a-4b22-80f2-98403eb78ce9}</UniqueIdentifier>
    </Filter>
    <Filter Include="Game Files\LevelLoader">
      <UniqueIdentifier>{225d54dd-e9f9-489b-9077-be348f7cd0bf}</UniqueIdentifier>
    </Filter>
    <Filter Include="Game Files\Global Files">
      <UniqueIdentifier>{070d7e30-ca10-4737-8640-30a85a60543d}</UniqueIdentifier>
    </Filter>
  </ItemGroup>
  <ItemGroup>
    <ClInclude Include="BaseComponent.h">
      <Filter>Engine\Components</Filter>
    </ClInclude>
    <ClInclude Include="Components.h">
      <Filter>Engine\Components</Filter>
    </ClInclude>
    <ClInclude Include="TextComponent.h">
      <Filter>Engine\Components</Filter>
    </ClInclude>
    <ClInclude Include="TextureComponent.h">
      <Filter>Engine\Components</Filter>
    </ClInclude>
    <ClInclude Include="TransformComponent.h">
      <Filter>Engine\Components</Filter>
    </ClInclude>
    <ClInclude Include="Font.h">
      <Filter>Engine\Content</Filter>
    </ClInclude>
    <ClInclude Include="GameObject.h">
      <Filter>Engine\Scenegraph</Filter>
    </ClInclude>
    <ClInclude Include="Scene.h">
      <Filter>Engine\Scenegraph</Filter>
    </ClInclude>
    <ClInclude Include="SceneManager.h">
      <Filter>Engine\Scenegraph</Filter>
    </ClInclude>
    <ClInclude Include="ResourceManager.h">
      <Filter>Engine\Content</Filter>
    </ClInclude>
    <ClInclude Include="Texture2D.h">
      <Filter>Engine\Content</Filter>
    </ClInclude>
    <ClInclude Include="MiniginPCH.h">
      <Filter>Engine\Defaults</Filter>
    </ClInclude>
    <ClInclude Include="Log.h">
      <Filter>Engine\Diagnostic</Filter>
    </ClInclude>
    <ClInclude Include="Singleton.h">
      <Filter>Engine\Defaults</Filter>
    </ClInclude>
    <ClInclude Include="InputManager.h">
      <Filter>Engine\Defaults</Filter>
    </ClInclude>
    <ClInclude Include="targetver.h">
      <Filter>Engine\Defaults</Filter>
    </ClInclude>
    <ClInclude Include="Renderer.h">
      <Filter>Engine\Graphics</Filter>
    </ClInclude>
    <ClInclude Include="FPSComponent.h">
      <Filter>Engine\Components</Filter>
    </ClInclude>
    <ClInclude Include="RenderComponent.h">
      <Filter>Engine\Components</Filter>
    </ClInclude>
    <ClInclude Include="types.h">
      <Filter>Engine\Helpers</Filter>
    </ClInclude>
    <ClInclude Include="Command.h">
      <Filter>Engine\Defaults</Filter>
    </ClInclude>
    <ClInclude Include="GameCommands.h">
      <Filter>Game Files\Custom Commands</Filter>
    </ClInclude>
    <ClInclude Include="PacManScene.h">
      <Filter>Game Files\SceneFiles</Filter>
    </ClInclude>
    <ClInclude Include="Character.h">
      <Filter>Engine\Character</Filter>
    </ClInclude>
    <ClInclude Include="ColliderComponent.h">
      <Filter>Engine\Components</Filter>
    </ClInclude>
    <ClInclude Include="ColliderManager.h">
      <Filter>Engine\Defaults</Filter>
    </ClInclude>
    <ClInclude Include="Pacman.h">
      <Filter>Game Files\Game Characters</Filter>
    </ClInclude>
    <ClInclude Include="Wall.h">
      <Filter>Game Files\Game Items</Filter>
    </ClInclude>
    <ClInclude Include="RectangleComponent.h">
      <Filter>Engine\Components</Filter>
    </ClInclude>
    <ClInclude Include="PickUp.h">
      <Filter>Game Files\Game Items</Filter>
    </ClInclude>
    <ClInclude Include="parser.hpp">
      <Filter>Engine\Helpers</Filter>
    </ClInclude>
    <ClInclude Include="LevelLoader.h">
      <Filter>Game Files\LevelLoader</Filter>
    </ClInclude>
    <ClInclude Include="Ghost.h">
      <Filter>Game Files\Game Characters</Filter>
    </ClInclude>
    <ClInclude Include="SpecialPickUp.h">
      <Filter>Game Files\Game Items</Filter>
    </ClInclude>
    <ClInclude Include="SelectionScene.h">
      <Filter>Game Files\SceneFiles</Filter>
    </ClInclude>
    <ClInclude Include="GameSettings.h">
      <Filter>Game Files\Global Files</Filter>
    </ClInclude>
    <ClInclude Include="GameTypes.h">
      <Filter>Game Files</Filter>
    </ClInclude>
    <ClInclude Include="Teleporter.h" />
  </ItemGroup>
  <ItemGroup>
    <ClCompile Include="BaseComponent.cpp">
      <Filter>Engine\Components</Filter>
    </ClCompile>
    <ClCompile Include="TextComponent.cpp">
      <Filter>Engine\Components</Filter>
    </ClCompile>
    <ClCompile Include="TextureComponent.cpp">
      <Filter>Engine\Components</Filter>
    </ClCompile>
    <ClCompile Include="TransformComponent.cpp">
      <Filter>Engine\Components</Filter>
    </ClCompile>
    <ClCompile Include="Font.cpp">
      <Filter>Engine\Content</Filter>
    </ClCompile>
    <ClCompile Include="GameObject.cpp">
      <Filter>Engine\Scenegraph</Filter>
    </ClCompile>
    <ClCompile Include="Scene.cpp">
      <Filter>Engine\Scenegraph</Filter>
    </ClCompile>
    <ClCompile Include="SceneManager.cpp">
      <Filter>Engine\Scenegraph</Filter>
    </ClCompile>
    <ClCompile Include="ResourceManager.cpp">
      <Filter>Engine\Content</Filter>
    </ClCompile>
    <ClCompile Include="Texture2D.cpp">
      <Filter>Engine\Content</Filter>
    </ClCompile>
    <ClCompile Include="Log.cpp">
      <Filter>Engine\Diagnostic</Filter>
    </ClCompile>
    <ClCompile Include="MiniginPCH.cpp">
      <Filter>Engine\Defaults</Filter>
    </ClCompile>
    <ClCompile Include="InputManager.cpp">
      <Filter>Engine\Defaults</Filter>
    </ClCompile>
    <ClCompile Include="Renderer.cpp">
      <Filter>Engine\Graphics</Filter>
    </ClCompile>
    <ClCompile Include="FPSComponent.cpp">
      <Filter>Engine\Components</Filter>
    </ClCompile>
    <ClCompile Include="RenderComponent.cpp">
      <Filter>Engine\Components</Filter>
    </ClCompile>
    <ClCompile Include="Minigin.cpp">
      <Filter>Game Files</Filter>
    </ClCompile>
    <ClCompile Include="GameCommands.cpp">
      <Filter>Game Files\Custom Commands</Filter>
    </ClCompile>
    <ClCompile Include="PacManScene.cpp">
      <Filter>Game Files\SceneFiles</Filter>
    </ClCompile>
    <ClCompile Include="Character.cpp">
      <Filter>Engine\Character</Filter>
    </ClCompile>
    <ClCompile Include="ColliderComponent.cpp">
      <Filter>Engine\Components</Filter>
    </ClCompile>
    <ClCompile Include="ColliderManager.cpp">
      <Filter>Engine\Defaults</Filter>
    </ClCompile>
    <ClCompile Include="Pacman.cpp">
      <Filter>Game Files\Game Characters</Filter>
    </ClCompile>
    <ClCompile Include="Wall.cpp">
      <Filter>Game Files\Game Items</Filter>
    </ClCompile>
    <ClCompile Include="RectangleComponent.cpp">
      <Filter>Engine\Components</Filter>
    </ClCompile>
    <ClCompile Include="PickUp.cpp">
      <Filter>Game Files\Game Items</Filter>
    </ClCompile>
    <ClCompile Include="LevelLoader.cpp">
      <Filter>Game Files\LevelLoader</Filter>
    </ClCompile>
    <ClCompile Include="Ghost.cpp">
      <Filter>Game Files\Game Characters</Filter>
    </ClCompile>
    <ClCompile Include="SpecialPickUp.cpp">
      <Filter>Game Files\Game Items</Filter>
    </ClCompile>
    <ClCompile Include="SelectionScene.cpp">
      <Filter>Game Files\SceneFiles</Filter>
    </ClCompile>
    <ClCompile Include="Teleporter.cpp" />
  </ItemGroup>
</Project>